buf.build/gen/go/open-feature/flagd/connectrpc/go v1.18.1-20250529171031-ebdc14163473.1 h1:qnXaezo9s36RjysUq6omZlU3rjQNykMpqCXfCL/CH1Q=
buf.build/gen/go/open-feature/flagd/connectrpc/go v1.18.1-20250529171031-ebdc14163473.1/go.mod h1:/9fZNSPUzUwGRzDAjyasa5NC+YFgQthby355ZVuKS2Q=
buf.build/gen/go/open-feature/flagd/grpc/go v1.5.1-20250529171031-ebdc14163473.2 h1:TZ+7u106u7C7lgNctxG03ABliF46eLhcIZG5Mdo67/E=
buf.build/gen/go/open-feature/flagd/grpc/go v1.5.1-20250529171031-ebdc14163473.2/go.mod h1:4u0WLwfkLob3dC/F8qNctqhtiEv2Mlyi8YgCDDzgYDs=
buf.build/gen/go/open-feature/flagd/protocolbuffers/go v1.36.6-20250529171031-ebdc14163473.1 h1:LdC4xAuUaNdduzQr5VvhjsgrCfpW9IYxYsjyCF0ANs0=
buf.build/gen/go/open-feature/flagd/protocolbuffers/go v1.36.6-20250529171031-ebdc14163473.1/go.mod h1:cCQ49+ttXE2MZ/ciRNb0tCG+F3kj2ZVbP+0/psbhrLY=
connectrpc.com/connect v1.18.1 h1:PAg7CjSAGvscaf6YZKUefjoih5Z/qYkyaTrBW8xvYPw=
connectrpc.com/connect v1.18.1/go.mod h1:0292hj1rnx8oFrStN7cB4jjVBeqs+Yx5yDIC2prWDO8=
connectrpc.com/otelconnect v0.7.2 h1:WlnwFzaW64dN06JXU+hREPUGeEzpz3Acz2ACOmN8cMI=
connectrpc.com/otelconnect v0.7.2/go.mod h1:JS7XUKfuJs2adhCnXhNHPHLz6oAaZniCJdSF00OZSew=
github.com/IBM/sarama v1.46.3 h1:njRsX6jNlnR+ClJ8XmkO+CM4unbrNr/2vB5KK6UA+IE=
github.com/IBM/sarama v1.46.3/go.mod h1:GTUYiF9DMOZVe3FwyGT+dtSPceGFIgA+sPc5u6CBwko=
github.com/barkimedes/go-deepcopy v0.0.0-20220514131651-17c30cfc62df h1:GSoSVRLoBaFpOOds6QyY1L8AX7uoY+Ln3BHc22W40X0=
github.com/barkimedes/go-deepcopy v0.0.0-20220514131651-17c30cfc62df/go.mod h1:hiVxq5OP2bUGBRNS3Z/bt/reCLFNbdcST6gISi1fiOM=
github.com/beorn7/perks v1.0.1 h1:VlbKKnNfV8bJzeqoa4cOKqO6bYr3WgKZxO8Z16+hsOM=
github.com/beorn7/perks v1.0.1/go.mod h1:G2ZrVWU2WbWT9wwq4/hrbKbnv/1ERSJQ0ibhJ6rlkpw=
github.com/cenkalti/backoff/v5 v5.0.3 h1:ZN+IMa753KfX5hd8vVaMixjnqRZ3y8CuJKRKj1xcsSM=
github.com/cenkalti/backoff/v5 v5.0.3/go.mod h1:rkhZdG3JZukswDf7f0cwqPNk4K0sa+F97BxZthm/crw=
github.com/cespare/xxhash/v2 v2.3.0 h1:UL815xU9SqsFlibzuggzjXhog7bL6oX9BbNZnL2UFvs=
github.com/cespare/xxhash/v2 v2.3.0/go.mod h1:VGX0DQ3Q6kWi7AoAeZDth3/j3BFtOZR5XLFGgcrjCOs=
github.com/davecgh/go-spew v1.1.0/go.mod h1:J7Y8YcW2NihsgmVo/mv3lAwl/skON4iLHjSsI+c5H38=
github.com/davecgh/go-spew v1.1.1/go.mod h1:J7Y8YcW2NihsgmVo/mv3lAwl/skON4iLHjSsI+c5H38=
github.com/davecgh/go-spew v1.1.2-0.20180830191138-d8f796af33cc h1:U9qPSI2PIWSS1VwoXQT9A3Wy9MM3WgvqSxFWenqJduM=
github.com/davecgh/go-spew v1.1.2-0.20180830191138-d8f796af33cc/go.mod h1:J7Y8YcW2NihsgmVo/mv3lAwl/skON4iLHjSsI+c5H38=
github.com/diegoholiveira/jsonlogic/v3 v3.8.4 h1:IVVU/VLz2hn10ImbmibjiUkdVsSFIB1vfDaOVsaipH4=
github.com/diegoholiveira/jsonlogic/v3 v3.8.4/go.mod h1:OYRb6FSTVmMM+MNQ7ElmMsczyNSepw+OU4Z8emDSi4w=
github.com/dlclark/regexp2 v1.11.0 h1:G/nrcoOa7ZXlpoa/91N3X7mM3r8eIlMBBJZvsz/mxKI=
github.com/dlclark/regexp2 v1.11.0/go.mod h1:DHkYz0B9wPfa6wondMfaivmHpzrQ3v9q8cnmRbL6yW8=
github.com/eapache/go-resiliency v1.7.0 h1:n3NRTnBn5N0Cbi/IeOHuQn9s2UwVUH7Ga0ZWcP+9JTA=
github.com/eapache/go-resiliency v1.7.0/go.mod h1:5yPzW0MIvSe0JDsv0v+DvcjEv2FyD6iZYSs1ZI+iQho=
github.com/eapache/go-xerial-snappy v0.0.0-20230731223053-c322873962e3 h1:Oy0F4ALJ04o5Qqpdz8XLIpNA3WM/iSIXqxtqo7UGVws=
github.com/eapache/go-xerial-snappy v0.0.0-20230731223053-c322873962e3/go.mod h1:YvSRo5mw33fLEx1+DlK6L2VV43tJt5Eyel9n9XBcR+0=
github.com/eapache/queue v1.1.0 h1:YOEu7KNc61ntiQlcEeUIoDTJ2o8mQznoNvUhiigpIqc=
github.com/eapache/queue v1.1.0/go.mod h1:6eCeP0CKFpHLu8blIFXhExK/dRa7WDZfr6jVFPTqq+I=
github.com/felixge/httpsnoop v1.0.4 h1:NFTV2Zj1bL4mc9sqWACXbQFVBBg2W3GPvqp8/ESS2Wg=
github.com/felixge/httpsnoop v1.0.4/go.mod h1:m8KPJKqk1gH5J9DgRY2ASl2lWCfGKXixSwevea8zH2U=
github.com/fortytw2/leaktest v1.3.0 h1:u8491cBMTQ8ft8aeV+adlcytMZylmA5nnwwkRZjI8vw=
github.com/fortytw2/leaktest v1.3.0/go.mod h1:jDsjWgpAGjm2CA7WthBh/CdZYEPF31XHquHwclZch5g=
github.com/fsnotify/fsnotify v1.9.0 h1:2Ml+OJNzbYCTzsxtv8vKSFD9PbJjmhYF14k/jKC7S9k=
github.com/fsnotify/fsnotify v1.9.0/go.mod h1:8jBTzvmWwFyi3Pb8djgCCO5IBqzKJ/Jwo8TRcHyHii0=
github.com/go-logr/logr v1.2.2/go.mod h1:jdQByPbusPIv2/zmleS9BjJVeZ6kBagPoEUsqbVz/1A=
github.com/go-logr/logr v1.4.3 h1:CjnDlHq8ikf6E492q6eKboGOC0T8CDaOvkHCIg8idEI=
github.com/go-logr/logr v1.4.3/go.mod h1:9T104GzyrTigFIr8wt5mBrctHMim0Nb2HLGrmQ40KvY=
github.com/go-logr/stdr v1.2.2 h1:hSWxHoqTgW2S2qGc0LTAI563KZ5YKYRhT3MFKZMbjag=
github.com/go-logr/stdr v1.2.2/go.mod h1:mMo/vtBO5dYbehREoey6XUKy/eSumjCCveDpRre4VKE=
github.com/golang/protobuf v1.5.4 h1:i7eJL8qZTpSEXOPTxNKhASYpMn+8e5Q6AdndVa1dWek=
github.com/golang/protobuf v1.5.4/go.mod h1:lnTiLA8Wa4RWRcIUkrtSVa5nRhsEGBg48fD6rSs7xps=
github.com/golang/snappy v0.0.4 h1:yAGX7huGHXlcLOEtBnF4w7FQwA26wojNCwOYAEhLjQM=
github.com/golang/snappy v0.0.4/go.mod h1:/XxbfmMg8lxefKM7IXC3fBNl/7bRcc72aCRzEWrmP2Q=
github.com/google/go-cmp v0.7.0 h1:wk8382ETsv4JYUZwIsn6YpYiWiBsYLSJiTsyBybVuN8=
github.com/google/go-cmp v0.7.0/go.mod h1:pXiqmnSA92OHEEa9HXL2W4E7lf9JzCmGVUdgjX3N/iU=
github.com/google/uuid v1.6.0 h1:NIvaJDMOsjHA8n1jAhLSgzrAzy1Hgr+hNrb57e+94F0=
github.com/google/uuid v1.6.0/go.mod h1:TIyPZe4MgqvfeYDBFedMoGGpEw/LqOeaOT+nhxU+yHo=
github.com/gorilla/securecookie v1.1.1/go.mod h1:ra0sb63/xPlUeL+yeDciTfxMRAA+MP+HVt/4epWDjd4=
github.com/gorilla/sessions v1.2.1/go.mod h1:dk2InVEVJ0sfLlnXv9EAgkf6ecYs/i80K/zI+bUmuGM=
github.com/grpc-ecosystem/grpc-gateway/v2 v2.27.7 h1:X+2YciYSxvMQK0UZ7sg45ZVabVZBeBuvMkmuI2V3Fak=
github.com/grpc-ecosystem/grpc-gateway/v2 v2.27.7/go.mod h1:lW34nIZuQ8UDPdkon5fmfp2l3+ZkQ2me/+oecHYLOII=
github.com/hashicorp/go-immutable-radix v1.3.1 h1:DKHmCUm2hRBK510BaiZlwvpD40f8bJFeZnpfm2KLowc=
github.com/hashicorp/go-immutable-radix v1.3.1/go.mod h1:0y9vanUI8NX6FsYoO3zeMjhV/C5i9g4Q3DwcSNZ4P60=
github.com/hashicorp/go-memdb v1.3.5 h1:b3taDMxCBCBVgyRrS1AZVHO14ubMYZB++QpNhBg+Nyo=
github.com/hashicorp/go-memdb v1.3.5/go.mod h1:8IVKKBkVe+fxFgdFOYxzQQNjz+sWCyHCdIC/+5+Vy1Y=
github.com/hashicorp/go-uuid v1.0.0/go.mod h1:6SBZvOh/SIDV7/2o3Jml5SYk/TvGqwFJ/bN7x4byOro=
github.com/hashicorp/go-uuid v1.0.2/go.mod h1:6SBZvOh/SIDV7/2o3Jml5SYk/TvGqwFJ/bN7x4byOro=
github.com/hashicorp/go-uuid v1.0.3 h1:2gKiV6YVmrJ1i2CKKa9obLvRieoRGviZFL26PcT/Co8=
github.com/hashicorp/go-uuid v1.0.3/go.mod h1:6SBZvOh/SIDV7/2o3Jml5SYk/TvGqwFJ/bN7x4byOro=
github.com/hashicorp/golang-lru v0.5.0/go.mod h1:/m3WP610KZHVQ1SGc6re/UDhFvYD7pJ4Ao+sR/qLZy8=
github.com/hashicorp/golang-lru v0.5.4/go.mod h1:iADmTwqILo4mZ8BN3D2Q6+9jd8WM5uGBxy+E8yxSoD4=
github.com/hashicorp/golang-lru v1.0.2 h1:dV3g9Z/unq5DpblPpw+Oqcv4dU/1omnb4Ok8iPY6p1c=
github.com/hashicorp/golang-lru v1.0.2/go.mod h1:iADmTwqILo4mZ8BN3D2Q6+9jd8WM5uGBxy+E8yxSoD4=
github.com/hashicorp/golang-lru/v2 v2.0.7 h1:a+bsQ5rvGLjzHuww6tVxozPZFVghXaHOwFs4luLUK2k=
github.com/hashicorp/golang-lru/v2 v2.0.7/go.mod h1:QeFd9opnmA6QUJc5vARoKUSoFhyfM2/ZepoAG6RGpeM=
github.com/jcmturner/aescts/v2 v2.0.0 h1:9YKLH6ey7H4eDBXW8khjYslgyqG2xZikXP0EQFKrle8=
github.com/jcmturner/aescts/v2 v2.0.0/go.mod h1:AiaICIRyfYg35RUkr8yESTqvSy7csK90qZ5xfvvsoNs=
github.com/jcmturner/dnsutils/v2 v2.0.0 h1:lltnkeZGL0wILNvrNiVCR6Ro5PGU/SeBvVO/8c/iPbo=
github.com/jcmturner/dnsutils/v2 v2.0.0/go.mod h1:b0TnjGOvI/n42bZa+hmXL+kFJZsFT7G4t3HTlQ184QM=
github.com/jcmturner/gofork v1.7.6 h1:QH0l3hzAU1tfT3rZCnW5zXl+orbkNMMRGJfdJjHVETg=
github.com/jcmturner/gofork v1.7.6/go.mod h1:1622LH6i/EZqLloHfE7IeZ0uEJwMSUyQ/nDd82IeqRo=
github.com/jcmturner/goidentity/v6 v6.0.1 h1:VKnZd2oEIMorCTsFBnJWbExfNN7yZr3EhJAxwOkZg6o=
github.com/jcmturner/goidentity/v6 v6.0.1/go.mod h1:X1YW3bgtvwAXju7V3LCIMpY0Gbxyjn/mY9zx4tFonSg=
github.com/jcmturner/gokrb5/v8 v8.4.4 h1:x1Sv4HaTpepFkXbt2IkL29DXRf8sOfZXo8eRKh687T8=
github.com/jcmturner/gokrb5/v8 v8.4.4/go.mod h1:1btQEpgT6k+unzCwX1KdWMEwPPkkgBtP+F6aCACiMrs=
github.com/jcmturner/rpc/v2 v2.0.3 h1:7FXXj8Ti1IaVFpSAziCZWNzbNuZmnvw/i6CqLNdWfZY=
github.com/jcmturner/rpc/v2 v2.0.3/go.mod h1:VUJYCIDm3PVOEHw8sgt091/20OJjskO/YJki3ELg/Hc=
github.com/klauspost/compress v1.18.1 h1:bcSGx7UbpBqMChDtsF28Lw6v/G94LPrrbMbdC3JH2co=
github.com/klauspost/compress v1.18.1/go.mod h1:ZQFFVG+MdnR0P+l6wpXgIL4NTtwiKIdBnrBd8Nrxr+0=
github.com/kr/pretty v0.3.1 h1:flRD4NNwYAUpkphVc1HcthR4KEIFJ65n8Mw5qdRn3LE=
github.com/kr/pretty v0.3.1/go.mod h1:hoEshYVHaxMs3cyo3Yncou5ZscifuDolrwPKZanG3xk=
github.com/kr/text v0.2.0 h1:5Nx0Ya0ZqY2ygV366QzturHI13Jq95ApcVaJBhpS+AY=
github.com/kr/text v0.2.0/go.mod h1:eLer722TekiGuMkidMxC/pM04lWEeraHUUmBw8l2grE=
github.com/kylelemons/godebug v1.1.0 h1:RPNrshWIDI6G2gRW9EHilWtl7Z6Sb1BR0xunSBf0SNc=
github.com/kylelemons/godebug v1.1.0/go.mod h1:9/0rRGxNHcop5bhtWyNeEfOS8JIWk580+fNqagV/RAw=
github.com/munnerz/goautoneg v0.0.0-20191010083416-a7dc8b61c822 h1:C3w9PqII01/Oq1c1nUAm88MOHcQC9l5mIlSMApZMrHA=
github.com/munnerz/goautoneg v0.0.0-20191010083416-a7dc8b61c822/go.mod h1:+n7T8mK8HuQTcFwEeznm/DIxMOiR9yIdICNftLE1DvQ=
github.com/open-feature/flagd-schemas v0.2.13 h1:LzoyQfirfpR8cxI4PKnoFRtpwPjpC/cOO8N0n8dpbRc=
github.com/open-feature/flagd-schemas v0.2.13/go.mod h1:C0jnJ4C3j2LzGuqKgLDdTsdfKEWQp6sOHZyxu3QohFU=
github.com/open-feature/flagd/core v0.13.2 h1:s1WHrAYmxX65iG/9UX+RVT4VaDBqoGui6wHKLYmmVEk=
github.com/open-feature/flagd/core v0.13.2/go.mod h1:DIt7X93nGyVcwNuPlB9W/cSw9hdpA/42bw26BzctfVw=
github.com/open-feature/go-sdk v1.17.1 h1:1AwQ2NppOv69sfGiRH9pWfsMVLembvkhQ3hdk9eAsTY=
github.com/open-feature/go-sdk v1.17.1/go.mod h1:+2UML7oZADJa0Swg27d6pu5kLKeCpZM2X2hWcGQutJ0=
github.com/open-feature/go-sdk-contrib/hooks/open-telemetry v0.3.6 h1:4UX24wgUa+zZkGeecn+884c3VHrXt9oca/krSFAjXNY=
github.com/open-feature/go-sdk-contrib/hooks/open-telemetry v0.3.6/go.mod h1:TftRJnT+7hyYDLBhuDUjDjabmBgOZYspYU9HUM9K3D0=
github.com/open-feature/go-sdk-contrib/providers/flagd v0.3.2 h1:BGQP+U9MY8oIhNfmW7fCB0sWB9R+c0UWtXV25zs0kNY=
github.com/open-feature/go-sdk-contrib/providers/flagd v0.3.2/go.mod h1:/e0lsAID13rO+7X3Ij1iR0LiWBmliMI1blh39WPysXY=
github.com/pierrec/lz4/v4 v4.1.22 h1:cKFw6uJDK+/gfw5BcDL0JL5aBsAFdsIT18eRtLj7VIU=
github.com/pierrec/lz4/v4 v4.1.22/go.mod h1:gZWDp/Ze/IJXGXf23ltt2EXimqmTUXEy0GFuRQyBid4=
github.com/pmezard/go-difflib v1.0.0/go.mod h1:iKH77koFhYxTK1pcRnkKkqfTogsbg7gZNVY4sRDYZ/4=
github.com/pmezard/go-difflib v1.0.1-0.20181226105442-5d4384ee4fb2 h1:Jamvg5psRIccs7FGNTlIRMkT8wgtp5eCXdBlqhYGL6U=
github.com/pmezard/go-difflib v1.0.1-0.20181226105442-5d4384ee4fb2/go.mod h1:iKH77koFhYxTK1pcRnkKkqfTogsbg7gZNVY4sRDYZ/4=
github.com/prometheus/client_golang v1.23.2 h1:Je96obch5RDVy3FDMndoUsjAhG5Edi49h0RJWRi/o0o=
github.com/prometheus/client_golang v1.23.2/go.mod h1:Tb1a6LWHB3/SPIzCoaDXI4I8UHKeFTEQ1YCr+0Gyqmg=
github.com/prometheus/client_model v0.6.2 h1:oBsgwpGs7iVziMvrGhE53c/GrLUsZdHnqNwqPLxwZyk=
github.com/prometheus/client_model v0.6.2/go.mod h1:y3m2F6Gdpfy6Ut/GBsUqTWZqCUvMVzSfMLjcu6wAwpE=
github.com/prometheus/common v0.67.5 h1:pIgK94WWlQt1WLwAC5j2ynLaBRDiinoAb86HZHTUGI4=
github.com/prometheus/common v0.67.5/go.mod h1:SjE/0MzDEEAyrdr5Gqc6G+sXI67maCxzaT3A2+HqjUw=
github.com/prometheus/otlptranslator v1.0.0 h1:s0LJW/iN9dkIH+EnhiD3BlkkP5QVIUVEoIwkU+A6qos=
github.com/prometheus/otlptranslator v1.0.0/go.mod h1:vRYWnXvI6aWGpsdY/mOT/cbeVRBlPWtBNDb7kGR3uKM=
github.com/prometheus/procfs v0.19.2 h1:zUMhqEW66Ex7OXIiDkll3tl9a1ZdilUOd/F6ZXw4Vws=
github.com/prometheus/procfs v0.19.2/go.mod h1:M0aotyiemPhBCM0z5w87kL22CxfcH05ZpYlu+b4J7mw=
github.com/rcrowley/go-metrics v0.0.0-20250401214520-65e299d6c5c9 h1:bsUq1dX0N8AOIL7EB/X911+m4EHsnWEHeJ0c+3TTBrg=
github.com/rcrowley/go-metrics v0.0.0-20250401214520-65e299d6c5c9/go.mod h1:bCqnVzQkZxMG4s8nGwiZ5l3QUCyqpo9Y+/ZMZ9VjZe4=
github.com/rogpeppe/go-internal v1.14.1 h1:UQB4HGPB6osV0SQTLymcB4TgvyWu6ZyliaW0tI/otEQ=
github.com/rogpeppe/go-internal v1.14.1/go.mod h1:MaRKkUm5W0goXpeCfT7UZI6fk/L7L7so1lCWt35ZSgc=
github.com/santhosh-tekuri/jsonschema/v6 v6.0.2 h1:KRzFb2m7YtdldCEkzs6KqmJw4nqEVZGK7IN2kJkjTuQ=
github.com/santhosh-tekuri/jsonschema/v6 v6.0.2/go.mod h1:JXeL+ps8p7/KNMjDQk3TCwPpBy0wYklyWTfbkIzdIFU=
github.com/stretchr/objx v0.1.0/go.mod h1:HFkY916IF+rwdDfMAkV7OtwuqBVzrE8GR6GFx+wExME=
github.com/stretchr/objx v0.4.0/go.mod h1:YvHI0jy2hoMjB+UWwv71VJQ9isScKT/TqJzVSSt89Yw=
github.com/stretchr/objx v0.5.0/go.mod h1:Yh+to48EsGEfYuaHDzXPcE3xhTkx73EhmCGUpEOglKo=
github.com/stretchr/testify v1.4.0/go.mod h1:j7eGeouHqKxXV5pUuKE4zz7dFj8WfuZ+81PSLYec5m4=
github.com/stretchr/testify v1.7.1/go.mod h1:6Fq8oRcR53rry900zMqJjRRixrwX3KX962/h/Wwjteg=
github.com/stretchr/testify v1.8.0/go.mod h1:yNjHg4UonilssWZ8iaSj1OCr/vHnekPRkoO+kdMU+MU=
github.com/stretchr/testify v1.8.1/go.mod h1:w2LPCIKwWwSfY2zedu0+kehJoqGctiVI29o6fzry7u4=
github.com/stretchr/testify v1.11.1 h1:7s2iGBzp5EwR7/aIZr8ao5+dra3wiQyKjjFuvgVKu7U=
github.com/stretchr/testify v1.11.1/go.mod h1:wZwfW3scLgRK+23gO65QZefKpKQRnfz6sD981Nm4B6U=
github.com/twmb/murmur3 v1.1.8 h1:8Yt9taO/WN3l08xErzjeschgZU2QSrwm1kclYq+0aRg=
github.com/twmb/murmur3 v1.1.8/go.mod h1:Qq/R7NUyOfr65zD+6Q5IHKsJLwP7exErjN6lyyq3OSQ=
github.com/yuin/goldmark v1.4.13/go.mod h1:6yULJ656Px+3vBD8DxQVa3kxgyrAnzto9xy5taEt/CY=
go.opentelemetry.io/auto/sdk v1.2.1 h1:jXsnJ4Lmnqd11kwkBV2LgLoFMZKizbCi5fNZ/ipaZ64=
go.opentelemetry.io/auto/sdk v1.2.1/go.mod h1:KRTj+aOaElaLi+wW1kO/DZRXwkF4C5xPbEe3ZiIhN7Y=
go.opentelemetry.io/contrib/bridges/otelslog v0.15.0 h1:yOYhGNPZseueTTvWp5iBD3/CthrmvayUXYEX862dDi4=
go.opentelemetry.io/contrib/bridges/otelslog v0.15.0/go.mod h1:CvaNVqIfcybc+7xqZNubbE+26K6P7AKZF/l0lE2kdCk=
go.opentelemetry.io/contrib/instrumentation/google.golang.org/grpc/otelgrpc v0.65.0 h1:XmiuHzgJt067+a6kwyAzkhXooYVv3/TOw9cM2VfJgUM=
go.opentelemetry.io/contrib/instrumentation/google.golang.org/grpc/otelgrpc v0.65.0/go.mod h1:KDgtbWKTQs4bM+VPUr6WlL9m/WXcmkCcBlIzqxPGzmI=
go.opentelemetry.io/contrib/instrumentation/net/http/otelhttp v0.65.0 h1:7iP2uCb7sGddAr30RRS6xjKy7AZ2JtTOPA3oolgVSw8=
go.opentelemetry.io/contrib/instrumentation/net/http/otelhttp v0.65.0/go.mod h1:c7hN3ddxs/z6q9xwvfLPk+UHlWRQyaeR1LdgfL/66l0=
go.opentelemetry.io/contrib/instrumentation/runtime v0.65.0 h1:n8qdwrebNEHF/zHpueuZ4OacdJ8CdSaP7xef9WRZXTQ=
go.opentelemetry.io/contrib/instrumentation/runtime v0.65.0/go.mod h1:Z1pjGxUL3nJ/IbDDfL6rBD0Xbz7ZOViRqrIUg4l1CYE=
go.opentelemetry.io/contrib/otelconf v0.20.0 h1:YLYBmxDFUp2cZ3uETRg98Cj4kvGHLwlcT5gEjyWFeMk=
go.opentelemetry.io/contrib/otelconf v0.20.0/go.mod h1:x4p4+eyCA2IRscu8BzGbSbBxqHcA0W2Ez3U11GbgSDs=
go.opentelemetry.io/contrib/propagators/autoprop v0.65.0 h1:kTaCycF9Xkm8VBBvH0rJ4wFeRjtIV55Erk3uuVsIs5s=
go.opentelemetry.io/contrib/propagators/autoprop v0.65.0/go.mod h1:rooPzAbXfxMX9fsPJjmOBg2SN4RhFEV8D7cfGK+N3tE=
go.opentelemetry.io/contrib/propagators/aws v1.40.0 h1:4VIrh75jW4RTimUNx1DSk+6H9/nDr1FvmKoOVDh3K04=
go.opentelemetry.io/contrib/propagators/aws v1.40.0/go.mod h1:B0dCov9KNQGlut3T8wZZjDnLXEXdBroM7bFsHh/gRos=
go.opentelemetry.io/contrib/propagators/b3 v1.40.0 h1:xariChe8OOVF3rNlfzGFgQc61npQmXhzZj/i82mxMfg=
go.opentelemetry.io/contrib/propagators/b3 v1.40.0/go.mod h1:72WvbdxbOfXaELEQfonFfOL6osvcVjI7uJEE8C2nkrs=
go.opentelemetry.io/contrib/propagators/jaeger v1.40.0 h1:aXl9uobjJs5vquMLt9ZkI/3zIuz8XQ3TqOKSWx0/xdU=
go.opentelemetry.io/contrib/propagators/jaeger v1.40.0/go.mod h1:ioMePqe6k6c/ovXSkmkMr1mbN5qRBGJxNTVop7/2XO0=
go.opentelemetry.io/contrib/propagators/ot v1.40.0 h1:Lon8J5SPmWaL1Ko2TIlCNHJ42/J1b5XbJlgJaE/9m7I=
go.opentelemetry.io/contrib/propagators/ot v1.40.0/go.mod h1:dKWtJTlp1Yj+8Cneye5idO46eRPIbi23qVuJYKjNnvY=
go.opentelemetry.io/otel v1.40.0 h1:oA5YeOcpRTXq6NN7frwmwFR0Cn3RhTVZvXsP4duvCms=
go.opentelemetry.io/otel v1.40.0/go.mod h1:IMb+uXZUKkMXdPddhwAHm6UfOwJyh4ct1ybIlV14J0g=
go.opentelemetry.io/otel/exporters/otlp/otlplog/otlploggrpc v0.16.0 h1:ZVg+kCXxd9LtAaQNKBxAvJ5NpMf7LpvEr4MIZqb0TMQ=
go.opentelemetry.io/otel/exporters/otlp/otlplog/otlploggrpc v0.16.0/go.mod h1:hh0tMeZ75CCXrHd9OXRYxTlCAdxcXioWHFIpYw2rZu8=
go.opentelemetry.io/otel/exporters/otlp/otlplog/otlploghttp v0.16.0 h1:djrxvDxAe44mJUrKataUbOhCKhR3F8QCyWucO16hTQs=
go.opentelemetry.io/otel/exporters/otlp/otlplog/otlploghttp v0.16.0/go.mod h1:dt3nxpQEiSoKvfTVxp3TUg5fHPLhKtbcnN3Z1I1ePD0=
go.opentelemetry.io/otel/exporters/otlp/otlpmetric/otlpmetricgrpc v1.40.0 h1:NOyNnS19BF2SUDApbOKbDtWZ0IK7b8FJ2uAGdIWOGb0=
go.opentelemetry.io/otel/exporters/otlp/otlpmetric/otlpmetricgrpc v1.40.0/go.mod h1:VL6EgVikRLcJa9ftukrHu/ZkkhFBSo1lzvdBC9CF1ss=
go.opentelemetry.io/otel/exporters/otlp/otlpmetric/otlpmetrichttp v1.40.0 h1:9y5sHvAxWzft1WQ4BwqcvA+IFVUJ1Ya75mSAUnFEVwE=
go.opentelemetry.io/otel/exporters/otlp/otlpmetric/otlpmetrichttp v1.40.0/go.mod h1:eQqT90eR3X5Dbs1g9YSM30RavwLF725Ris5/XSXWvqE=
go.opentelemetry.io/otel/exporters/otlp/otlptrace v1.40.0 h1:QKdN8ly8zEMrByybbQgv8cWBcdAarwmIPZ6FThrWXJs=
go.opentelemetry.io/otel/exporters/otlp/otlptrace v1.40.0/go.mod h1:bTdK1nhqF76qiPoCCdyFIV+N/sRHYXYCTQc+3VCi3MI=
go.opentelemetry.io/otel/exporters/otlp/otlptrace/otlptracegrpc v1.40.0 h1:DvJDOPmSWQHWywQS6lKL+pb8s3gBLOZUtw4N+mavW1I=
go.opentelemetry.io/otel/exporters/otlp/otlptrace/otlptracegrpc v1.40.0/go.mod h1:EtekO9DEJb4/jRyN4v4Qjc2yA7AtfCBuz2FynRUWTXs=
go.opentelemetry.io/otel/exporters/otlp/otlptrace/otlptracehttp v1.40.0 h1:wVZXIWjQSeSmMoxF74LzAnpVQOAFDo3pPji9Y4SOFKc=
go.opentelemetry.io/otel/exporters/otlp/otlptrace/otlptracehttp v1.40.0/go.mod h1:khvBS2IggMFNwZK/6lEeHg/W57h/IX6J4URh57fuI40=
go.opentelemetry.io/otel/exporters/prometheus v0.62.0 h1:krvC4JMfIOVdEuNPTtQ0ZjCiXrybhv+uOHMfHRmnvVo=
go.opentelemetry.io/otel/exporters/prometheus v0.62.0/go.mod h1:fgOE6FM/swEnsVQCqCnbOfRV4tOnWPg7bVeo4izBuhQ=
go.opentelemetry.io/otel/exporters/stdout/stdoutlog v0.16.0 h1:ivlbaajBWJqhcCPniDqDJmRwj4lc6sRT+dCAVKNmxlQ=
go.opentelemetry.io/otel/exporters/stdout/stdoutlog v0.16.0/go.mod h1:u/G56dEKDDwXNCVLsbSrllB2o8pbtFLUC4HpR66r2dc=
go.opentelemetry.io/otel/exporters/stdout/stdoutmetric v1.40.0 h1:ZrPRak/kS4xI3AVXy8F7pipuDXmDsrO8Lg+yQjBLjw0=
go.opentelemetry.io/otel/exporters/stdout/stdoutmetric v1.40.0/go.mod h1:3y6kQCWztq6hyW8Z9YxQDDm0Je9AJoFar2G0yDcmhRk=
go.opentelemetry.io/otel/exporters/stdout/stdouttrace v1.40.0 h1:MzfofMZN8ulNqobCmCAVbqVL5syHw+eB2qPRkCMA/fQ=
go.opentelemetry.io/otel/exporters/stdout/stdouttrace v1.40.0/go.mod h1:E73G9UFtKRXrxhBsHtG00TB5WxX57lpsQzogDkqBTz8=
go.opentelemetry.io/otel/log v0.16.0 h1:DeuBPqCi6pQwtCK0pO4fvMB5eBq6sNxEnuTs88pjsN4=
go.opentelemetry.io/otel/log v0.16.0/go.mod h1:rWsmqNVTLIA8UnwYVOItjyEZDbKIkMxdQunsIhpUMes=
go.opentelemetry.io/otel/metric v1.40.0 h1:rcZe317KPftE2rstWIBitCdVp89A2HqjkxR3c11+p9g=
go.opentelemetry.io/otel/metric v1.40.0/go.mod h1:ib/crwQH7N3r5kfiBZQbwrTge743UDc7DTFVZrrXnqc=
go.opentelemetry.io/otel/sdk v1.40.0 h1:KHW/jUzgo6wsPh9At46+h4upjtccTmuZCFAc9OJ71f8=
go.opentelemetry.io/otel/sdk v1.40.0/go.mod h1:Ph7EFdYvxq72Y8Li9q8KebuYUr2KoeyHx0DRMKrYBUE=
go.opentelemetry.io/otel/sdk/log v0.16.0 h1:e/b4bdlQwC5fnGtG3dlXUrNOnP7c8YLVSpSfEBIkTnI=
go.opentelemetry.io/otel/sdk/log v0.16.0/go.mod h1:JKfP3T6ycy7QEuv3Hj8oKDy7KItrEkus8XJE6EoSzw4=
go.opentelemetry.io/otel/sdk/log/logtest v0.16.0 h1:/XVkpZ41rVRTP4DfMgYv1nEtNmf65XPPyAdqV90TMy4=
go.opentelemetry.io/otel/sdk/log/logtest v0.16.0/go.mod h1:iOOPgQr5MY9oac/F5W86mXdeyWZGleIx3uXO98X2R6Y=
go.opentelemetry.io/otel/sdk/metric v1.40.0 h1:mtmdVqgQkeRxHgRv4qhyJduP3fYJRMX4AtAlbuWdCYw=
go.opentelemetry.io/otel/sdk/metric v1.40.0/go.mod h1:4Z2bGMf0KSK3uRjlczMOeMhKU2rhUqdWNoKcYrtcBPg=
go.opentelemetry.io/otel/trace v1.40.0 h1:WA4etStDttCSYuhwvEa8OP8I5EWu24lkOzp+ZYblVjw=
go.opentelemetry.io/otel/trace v1.40.0/go.mod h1:zeAhriXecNGP/s2SEG3+Y8X9ujcJOTqQ5RgdEJcawiA=
go.opentelemetry.io/proto/otlp v1.9.0 h1:l706jCMITVouPOqEnii2fIAuO3IVGBRPV5ICjceRb/A=
go.opentelemetry.io/proto/otlp v1.9.0/go.mod h1:xE+Cx5E/eEHw+ISFkwPLwCZefwVjY+pqKg1qcK03+/4=
go.uber.org/goleak v1.3.0 h1:2K3zAYmnTNqV73imy9J1T3WC+gmCePx2hEGkimedGto=
go.uber.org/goleak v1.3.0/go.mod h1:CoHD4mav9JJNrW/WLlf7HGZPjdw8EucARQHekz1X6bE=
go.uber.org/mock v0.6.0 h1:hyF9dfmbgIX5EfOdasqLsWD6xqpNZlXblLB/Dbnwv3Y=
go.uber.org/mock v0.6.0/go.mod h1:KiVJ4BqZJaMj4svdfmHM0AUx4NJYO8ZNpPnZn1Z+BBU=
go.uber.org/multierr v1.11.0 h1:blXXJkSxSSfBVBlC76pxqeO+LN3aDfLQo+309xJstO0=
go.uber.org/multierr v1.11.0/go.mod h1:20+QtiLqy0Nd6FdQB9TLXag12DsQkrbs3htMFfDN80Y=
go.uber.org/zap v1.27.0 h1:aJMhYGrd5QSmlpLMr2MftRKl7t8J8PTZPA732ud/XR8=
go.uber.org/zap v1.27.0/go.mod h1:GB2qFLM7cTU87MWRP2mPIjqfIDnGu+VIO4V/SdhGo2E=
go.yaml.in/yaml/v2 v2.4.3 h1:6gvOSjQoTB3vt1l+CU+tSyi/HOjfOjRLJ4YwYZGwRO0=
go.yaml.in/yaml/v2 v2.4.3/go.mod h1:zSxWcmIDjOzPXpjlTTbAsKokqkDNAVtZO0WOMiT90s8=
go.yaml.in/yaml/v3 v3.0.4 h1:tfq32ie2Jv2UxXFdLJdh3jXuOzWiL1fo0bu/FbuKpbc=
go.yaml.in/yaml/v3 v3.0.4/go.mod h1:DhzuOOF2ATzADvBadXxruRBLzYTpT36CKvDb3+aBEFg=
golang.org/x/crypto v0.0.0-20190308221718-c2843e01d9a2/go.mod h1:djNgcEr1/C05ACkg1iLfiJU5Ep61QUkGW8qpdssI0+w=
golang.org/x/crypto v0.0.0-20210921155107-089bfa567519/go.mod h1:GvvjBRRGRdwPK5ydBHafDWAxML/pGHZbMvKqRZ5+Abc=
golang.org/x/crypto v0.6.0/go.mod h1:OFC/31mSvZgRz0V1QTNCzfAI1aIRzbiufJtkMIlEp58=
golang.org/x/crypto v0.47.0 h1:V6e3FRj+n4dbpw86FJ8Fv7XVOql7TEwpHapKoMJ/GO8=
golang.org/x/crypto v0.47.0/go.mod h1:ff3Y9VzzKbwSSEzWqJsJVBnWmRwRSHt/6Op5n9bQc4A=
golang.org/x/exp v0.0.0-20260112195511-716be5621a96 h1:Z/6YuSHTLOHfNFdb8zVZomZr7cqNgTJvA8+Qz75D8gU=
golang.org/x/exp v0.0.0-20260112195511-716be5621a96/go.mod h1:nzimsREAkjBCIEFtHiYkrJyT+2uy9YZJB7H1k68CXZU=
golang.org/x/mod v0.6.0-dev.0.20220419223038-86c51ed26bb4/go.mod h1:jJ57K6gSWd91VN4djpZkiMVwK6gcyfeH4XE8wZrZaV4=
golang.org/x/mod v0.32.0 h1:9F4d3PHLljb6x//jOyokMv3eX+YDeepZSEo3mFJy93c=
golang.org/x/mod v0.32.0/go.mod h1:SgipZ/3h2Ci89DlEtEXWUk/HteuRin+HHhN+WbNhguU=
golang.org/x/net v0.0.0-20190620200207-3b0461eec859/go.mod h1:z5CRVTTTmAJ677TzLLGU+0bjPO0LkuOLi4/5GtJWs/s=
golang.org/x/net v0.0.0-20200114155413-6afb5195e5aa/go.mod h1:z5CRVTTTmAJ677TzLLGU+0bjPO0LkuOLi4/5GtJWs/s=
golang.org/x/net v0.0.0-20210226172049-e18ecbb05110/go.mod h1:m0MpNAwzfU5UDzcl9v0D8zg8gWTRqZa9RBIspLL5mdg=
golang.org/x/net v0.0.0-20220722155237-a158d28d115b/go.mod h1:XRhObCWvk6IyKnWLug+ECip1KBveYUHfp+8e9klMJ9c=
golang.org/x/net v0.6.0/go.mod h1:2Tu9+aMcznHK/AK1HMvgo6xiTLG5rD5rZLDS+rp2Bjs=
golang.org/x/net v0.7.0/go.mod h1:2Tu9+aMcznHK/AK1HMvgo6xiTLG5rD5rZLDS+rp2Bjs=
golang.org/x/net v0.49.0 h1:eeHFmOGUTtaaPSGNmjBKpbng9MulQsJURQUAfUwY++o=
golang.org/x/net v0.49.0/go.mod h1:/ysNB2EvaqvesRkuLAyjI1ycPZlQHM3q01F02UY/MV8=
golang.org/x/sync v0.0.0-20190423024810-112230192c58/go.mod h1:RxMgew5VJxzue5/jJTE5uejpjVlOe/izrB70Jof72aM=
golang.org/x/sync v0.0.0-20220722155255-886fb9371eb4/go.mod h1:RxMgew5VJxzue5/jJTE5uejpjVlOe/izrB70Jof72aM=
golang.org/x/sync v0.19.0 h1:vV+1eWNmZ5geRlYjzm2adRgW2/mcpevXNg50YZtPCE4=
golang.org/x/sync v0.19.0/go.mod h1:9KTHXmSnoGruLpwFjVSX0lNNA75CykiMECbovNTZqGI=
golang.org/x/sys v0.0.0-20190215142949-d0b11bdaac8a/go.mod h1:STP8DvDyc/dI5b8T5hshtkjS+E42TnysNCUPdjciGhY=
golang.org/x/sys v0.0.0-20201119102817-f84b799fce68/go.mod h1:h1NjWce9XRLGQEsW7wpKNCjG9DtNlClVuFLEZdDNbEs=
golang.org/x/sys v0.0.0-20210615035016-665e8c7367d1/go.mod h1:oPkhp1MJrh7nUepCBck5+mAzfO9JrbApNNgaTdGDITg=
golang.org/x/sys v0.0.0-20220520151302-bc2c85ada10a/go.mod h1:oPkhp1MJrh7nUepCBck5+mAzfO9JrbApNNgaTdGDITg=
golang.org/x/sys v0.0.0-20220722155257-8c9f86f7a55f/go.mod h1:oPkhp1MJrh7nUepCBck5+mAzfO9JrbApNNgaTdGDITg=
golang.org/x/sys v0.5.0/go.mod h1:oPkhp1MJrh7nUepCBck5+mAzfO9JrbApNNgaTdGDITg=
golang.org/x/sys v0.40.0 h1:DBZZqJ2Rkml6QMQsZywtnjnnGvHza6BTfYFWY9kjEWQ=
golang.org/x/sys v0.40.0/go.mod h1:OgkHotnGiDImocRcuBABYBEXf8A9a87e/uXjp9XT3ks=
golang.org/x/term v0.0.0-20201126162022-7de9c90e9dd1/go.mod h1:bj7SfCRtBDWHUb9snDiAeCFNEtKQo2Wmx5Cou7ajbmo=
golang.org/x/term v0.0.0-20210927222741-03fcf44c2211/go.mod h1:jbD1KX2456YbFQfuXm/mYQcufACuNUgVhRMnK/tPxf8=
golang.org/x/term v0.5.0/go.mod h1:jMB1sMXY+tzblOD4FWmEbocvup2/aLOaQEp7JmGp78k=
golang.org/x/text v0.3.0/go.mod h1:NqM8EUOU14njkJ3fqMW+pc6Ldnwhi/IjpwHt7yyuwOQ=
golang.org/x/text v0.3.3/go.mod h1:5Zoc/QRtKVWzQhOtBMvqHzDpF6irO9z98xDceosuGiQ=
golang.org/x/text v0.3.7/go.mod h1:u+2+/6zg+i71rQMx5EYifcz6MCKuco9NR6JIITiCfzQ=
golang.org/x/text v0.7.0/go.mod h1:mrYo+phRRbMaCq/xk9113O4dZlRixOauAjOtrjsXDZ8=
golang.org/x/text v0.33.0 h1:B3njUFyqtHDUI5jMn1YIr5B0IE2U0qck04r6d4KPAxE=
golang.org/x/text v0.33.0/go.mod h1:LuMebE6+rBincTi9+xWTY8TztLzKHc/9C1uBCG27+q8=
golang.org/x/tools v0.0.0-20180917221912-90fa682c2a6e/go.mod h1:n7NCudcB/nEzxVGmLbDWY5pfWTLqBcC2KZ6jyYvM4mQ=
golang.org/x/tools v0.0.0-20191119224855-298f0cb1881e/go.mod h1:b+2E5dAYhXwXZwtnZ6UAqBI28+e2cm9otk0dWdXHAEo=
golang.org/x/tools v0.1.12/go.mod h1:hNGJHUnrk76NpqgfD5Aqm5Crs+Hm0VOH/i9J2+nxYbc=
golang.org/x/xerrors v0.0.0-20190717185122-a985d3407aa7/go.mod h1:I/5z698sn9Ka8TeJc9MKroUUfqBBauWjQqLJ2OPfmY0=
gonum.org/v1/gonum v0.16.0 h1:5+ul4Swaf3ESvrOnidPp4GZbzf0mxVQpDCYUQE7OJfk=
gonum.org/v1/gonum v0.16.0/go.mod h1:fef3am4MQ93R2HHpKnLk4/Tbh/s0+wqD5nfa6Pnwy4E=
google.golang.org/genproto/googleapis/api v0.0.0-20260128011058-8636f8732409 h1:merA0rdPeUV3YIIfHHcH4qBkiQAc1nfCKSI7lB4cV2M=
google.golang.org/genproto/googleapis/api v0.0.0-20260128011058-8636f8732409/go.mod h1:fl8J1IvUjCilwZzQowmw2b7HQB2eAuYBabMXzWurF+I=
google.golang.org/genproto/googleapis/rpc v0.0.0-20260128011058-8636f8732409 h1:H86B94AW+VfJWDqFeEbBPhEtHzJwJfTbgE2lZa54ZAQ=
google.golang.org/genproto/googleapis/rpc v0.0.0-20260128011058-8636f8732409/go.mod h1:j9x/tPzZkyxcgEFkiKEEGxfvyumM01BEtsW8xzOahRQ=
google.golang.org/grpc v1.78.0 h1:K1XZG/yGDJnzMdd/uZHAkVqJE+xIDOcmdSFZkBUicNc=
google.golang.org/grpc v1.78.0/go.mod h1:I47qjTo4OKbMkjA/aOOwxDIiPSBofUtQUI5EfpWvW7U=
google.golang.org/grpc/cmd/protoc-gen-go-grpc v1.5.1 h1:F29+wU6Ee6qgu9TddPgooOdaqsxTMunOoj8KA5yuS5A=
google.golang.org/grpc/cmd/protoc-gen-go-grpc v1.5.1/go.mod h1:5KF+wpkbTSbGcR9zteSqZV6fqFOWBl4Yde8En8MryZA=
google.golang.org/protobuf v1.36.11 h1:fV6ZwhNocDyBLK0dj+fg8ektcVegBBuEolpbTQyBNVE=
google.golang.org/protobuf v1.36.11/go.mod h1:HTf+CrKn2C3g5S8VImy6tdcUvCska2kB7j23XfzDpco=
gopkg.in/check.v1 v0.0.0-20161208181325-20d25e280405/go.mod h1:Co6ibVJAznAaIkqp8huTwlJQCZ016jof/cbN4VW5Yz0=
gopkg.in/check.v1 v1.0.0-20201130134442-10cb98267c6c h1:Hei/4ADfdWqJk1ZMxUNpqntNwaWcugrBjAiHlqqRiVk=
gopkg.in/check.v1 v1.0.0-20201130134442-10cb98267c6c/go.mod h1:JHkPIbrfpd72SG/EVd6muEfDQjcINNoR0C8j2r3qZ4Q=
gopkg.in/yaml.v2 v2.2.2/go.mod h1:hI93XBmqTisBFMUTm0b8Fm+jr3Dg1NNxqwp+5A1VGuI=
gopkg.in/yaml.v3 v3.0.0-20200313102051-9f266ea9e77c/go.mod h1:K4uyk7z7BCEPqu6E+C64Yfv1cQ7kz7rIZviUmN+EgEM=
gopkg.in/yaml.v3 v3.0.1 h1:fxVm/GzAzEWqLHuvctI91KS9hhNmmWOoWu0XTYJS7CA=
gopkg.in/yaml.v3 v3.0.1/go.mod h1:K4uyk7z7BCEPqu6E+C64Yfv1cQ7kz7rIZviUmN+EgEM=
