
Microsoft Visual Studio Solution File, Format Version 12.00
# Visual Studio Version 17
VisualStudioVersion = 17.5.33627.172
MinimumVisualStudioVersion = 15.0.26124.0
Project("{9A19103F-16F7-4668-BE54-9A1E7A4F7556}") = "cartservice", "src\cartservice.csproj", "{2348C29F-E8D3-4955-916D-D609CBC97FCB}"
EndProject
Project("{9A19103F-16F7-4668-BE54-9A1E7A4F7556}") = "cartservice.tests", "tests\cartservice.tests.csproj", "{59825342-CE64-4AFA-8744-781692C0811B}"
EndProject
Global
	GlobalSection(SolutionConfigurationPlatforms) = preSolution
		Debug|Any CPU = Debug|Any CPU
		Debug|x64 = Debug|x64
		Debug|x86 = Debug|x86
		Release|Any CPU = Release|Any CPU
		Release|x64 = Release|x64
		Release|x86 = Release|x86
	EndGlobalSection
	GlobalSection(ProjectConfigurationPlatforms) = postSolution
		{2348C29F-E8D3-4955-916D-D609CBC97FCB}.Debug|Any CPU.ActiveCfg = Debug|Any CPU
		{2348C29F-E8D3-4955-916D-D609CBC97FCB}.Debug|Any CPU.Build.0 = Debug|Any CPU
		{2348C29F-E8D3-4955-916D-D609CBC97FCB}.Debug|x64.ActiveCfg = Debug|Any CPU
		{2348C29F-E8D3-4955-916D-D609CBC97FCB}.Debug|x64.Build.0 = Debug|Any CPU
		{2348C29F-E8D3-4955-916D-D609CBC97FCB}.Debug|x86.ActiveCfg = Debug|Any CPU
		{2348C29F-E8D3-4955-916D-D609CBC97FCB}.Debug|x86.Build.0 = Debug|Any CPU
		{2348C29F-E8D3-4955-916D-D609CBC97FCB}.Release|Any CPU.ActiveCfg = Release|Any CPU
		{2348C29F-E8D3-4955-916D-D609CBC97FCB}.Release|Any CPU.Build.0 = Release|Any CPU
		{2348C29F-E8D3-4955-916D-D609CBC97FCB}.Release|x64.ActiveCfg = Release|Any CPU
		{2348C29F-E8D3-4955-916D-D609CBC97FCB}.Release|x64.Build.0 = Release|Any CPU
		{2348C29F-E8D3-4955-916D-D609CBC97FCB}.Release|x86.ActiveCfg = Release|Any CPU
		{2348C29F-E8D3-4955-916D-D609CBC97FCB}.Release|x86.Build.0 = Release|Any CPU
		{59825342-CE64-4AFA-8744-781692C0811B}.Debug|Any CPU.ActiveCfg = Debug|Any CPU
		{59825342-CE64-4AFA-8744-781692C0811B}.Debug|Any CPU.Build.0 = Debug|Any CPU
		{59825342-CE64-4AFA-8744-781692C0811B}.Debug|x64.ActiveCfg = Debug|Any CPU
		{59825342-CE64-4AFA-8744-781692C0811B}.Debug|x64.Build.0 = Debug|Any CPU
		{59825342-CE64-4AFA-8744-781692C0811B}.Debug|x86.ActiveCfg = Debug|Any CPU
		{59825342-CE64-4AFA-8744-781692C0811B}.Debug|x86.Build.0 = Debug|Any CPU
		{59825342-CE64-4AFA-8744-781692C0811B}.Release|Any CPU.ActiveCfg = Release|Any CPU
		{59825342-CE64-4AFA-8744-781692C0811B}.Release|Any CPU.Build.0 = Release|Any CPU
		{59825342-CE64-4AFA-8744-781692C0811B}.Release|x64.ActiveCfg = Release|Any CPU
		{59825342-CE64-4AFA-8744-781692C0811B}.Release|x64.Build.0 = Release|Any CPU
		{59825342-CE64-4AFA-8744-781692C0811B}.Release|x86.ActiveCfg = Release|Any CPU
		{59825342-CE64-4AFA-8744-781692C0811B}.Release|x86.Build.0 = Release|Any CPU
	EndGlobalSection
	GlobalSection(SolutionProperties) = preSolution
		HideSolutionNode = FALSE
	EndGlobalSection
	GlobalSection(ExtensibilityGlobals) = postSolution
		SolutionGuid = {52315C59-030C-477D-97BB-B1328630F041}
	EndGlobalSection
EndGlobal
